
Microsoft Visual Studio Solution File, Format Version 12.00
# Visual Studio 15
VisualStudioVersion = 15.0.28307.2092
MinimumVisualStudioVersion = 10.0.40219.1
Project("{8BC9CEB8-8B4A-11D0-8D11-00A0C91BC942}") = "laba2variant6", "laba2variant6\laba2variant6.vcxproj", "{AE5D6F64-0720-47D5-B239-F6DC4640D989}"
EndProject
Global
	GlobalSection(SolutionConfigurationPlatforms) = preSolution
		Debug|x64 = Debug|x64
		Debug|x86 = Debug|x86
		Release|x64 = Release|x64
		Release|x86 = Release|x86
	EndGlobalSection
	GlobalSection(ProjectConfigurationPlatforms) = postSolution
		{AE5D6F64-0720-47D5-B239-F6DC4640D989}.Debug|x64.ActiveCfg = Debug|x64
		{AE5D6F64-0720-47D5-B239-F6DC4640D989}.Debug|x64.Build.0 = Debug|x64
		{AE5D6F64-0720-47D5-B239-F6DC4640D989}.Debug|x86.ActiveCfg = Debug|Win32
		{AE5D6F64-0720-47D5-B239-F6DC4640D989}.Debug|x86.Build.0 = Debug|Win32
		{AE5D6F64-0720-47D5-B239-F6DC4640D989}.Release|x64.ActiveCfg = Release|x64
		{AE5D6F64-0720-47D5-B239-F6DC4640D989}.Release|x64.Build.0 = Release|x64
		{AE5D6F64-0720-47D5-B239-F6DC4640D989}.Release|x86.ActiveCfg = Release|Win32
		{AE5D6F64-0720-47D5-B239-F6DC4640D989}.Release|x86.Build.0 = Release|Win32
	EndGlobalSection
	GlobalSection(SolutionProperties) = preSolution
		HideSolutionNode = FALSE
	EndGlobalSection
	GlobalSection(ExtensibilityGlobals) = postSolution
		SolutionGuid = {8263AF3E-5641-40DE-90F2-7808BB288B90}
	EndGlobalSection
EndGlobal
